<?xml version="1.0" encoding="utf-8"?>
<Project ToolsVersion="4.0" xmlns="http://schemas.microsoft.com/developer/msbuild/2003">
  <ItemGroup>
    <Filter Include="리소스 파일">
      <UniqueIdentifier>{67DA6AB6-F800-4c08-8B7A-83BB121AAD01}</UniqueIdentifier>
      <Extensions>rc;ico;cur;bmp;dlg;rc2;rct;bin;rgs;gif;jpg;jpeg;jpe;resx;tiff;tif;png;wav;mfcribbon-ms</Extensions>
    </Filter>
    <Filter Include="Game">
      <UniqueIdentifier>{02e67d83-e78f-4bb5-9604-a77cba1ae4dc}</UniqueIdentifier>
    </Filter>
    <Filter Include="Utils">
      <UniqueIdentifier>{42d6bec8-4883-4a27-b239-bdeffe8e1855}</UniqueIdentifier>
    </Filter>
    <Filter Include="Engine">
      <UniqueIdentifier>{657423ed-82a3-49aa-b805-f61d8675b8f9}</UniqueIdentifier>
    </Filter>
    <Filter Include="Resource">
      <UniqueIdentifier>{0715dd2e-7497-46af-916c-2d1082dccdba}</UniqueIdentifier>
    </Filter>
  </ItemGroup>
  <ItemGroup>
    <ClInclude Include="Battle.h">
      <Filter>Engine</Filter>
    </ClInclude>
    <ClInclude Include="pch.h">
      <Filter>Utils</Filter>
    </ClInclude>
    <ClInclude Include="Drawing.h">
      <Filter>Utils</Filter>
    </ClInclude>
    <ClInclude Include="Monster.h">
      <Filter>Engine</Filter>
    </ClInclude>
    <ClInclude Include="Player.h">
      <Filter>Engine</Filter>
    </ClInclude>
    <ClInclude Include="ProjectM.h">
      <Filter>Game</Filter>
    </ClInclude>
    <ClInclude Include="Resource.h">
      <Filter>Utils</Filter>
    </ClInclude>
    <ClInclude Include="targetver.h">
      <Filter>Utils</Filter>
    </ClInclude>
    <ClInclude Include="framework.h">
      <Filter>Utils</Filter>
    </ClInclude>
    <ClInclude Include="Entity.h">
      <Filter>Engine</Filter>
    </ClInclude>
    <ClInclude Include="Item.h">
      <Filter>Engine</Filter>
    </ClInclude>
    <ClInclude Include="Timer.h">
      <Filter>Utils</Filter>
    </ClInclude>
    <ClInclude Include="Game.h">
      <Filter>Game</Filter>
    </ClInclude>
    <ClInclude Include="PlayerClass.h">
      <Filter>Engine</Filter>
    </ClInclude>
    <ClInclude Include="Item.h">
      <Filter>Engine</Filter>
    </ClInclude>
    <ClInclude Include="SceneManager.h" />
    <ClInclude Include="ItemManager.h">
      <Filter>Engine</Filter>
    </ClInclude>
    <ClInclude Include="Scene.h" />
    <ClInclude Include="Graphics.h" />
    <ClInclude Include="SpriteSheet.h" />
  </ItemGroup>
  <ItemGroup>
    <ClCompile Include="ProjectM.cpp">
      <Filter>Game</Filter>
    </ClCompile>
    <ClCompile Include="Timer.cpp">
      <Filter>Utils</Filter>
    </ClCompile>
    <ClCompile Include="Player.cpp">
      <Filter>Engine</Filter>
    </ClCompile>
    <ClCompile Include="Battle.cpp">
      <Filter>Engine</Filter>
    </ClCompile>
    <ClCompile Include="Drawing.cpp">
      <Filter>Utils</Filter>
    </ClCompile>
    <ClCompile Include="Game.cpp">
      <Filter>Game</Filter>
    </ClCompile>
    <ClCompile Include="Item.cpp">
      <Filter>Engine</Filter>
    </ClCompile>
    <ClCompile Include="pch.cpp">
      <Filter>Utils</Filter>
    </ClCompile>
    <ClCompile Include="Resource.cpp">
      <Filter>Utils</Filter>
    </ClCompile>
    <ClCompile Include="Entity.cpp">
      <Filter>Engine</Filter>
    </ClCompile>
    <ClCompile Include="Monster.cpp">
      <Filter>Engine</Filter>
    </ClCompile>
    <ClCompile Include="PlayerClass.cpp">
      <Filter>Engine</Filter>
    </ClCompile>
    <ClCompile Include="Item.cpp">
      <Filter>Engine</Filter>
    </ClCompile>
    <ClCompile Include="SceneManager.cpp" />
    <ClCompile Include="ItemManager.cpp" />
    <ClCompile Include="Scene.cpp" />
    <ClCompile Include="Graphics.cpp" />
    <ClCompile Include="SpriteSheet.cpp" />
  </ItemGroup>
  <ItemGroup>
    <ResourceCompile Include="ProjectM.rc">
      <Filter>리소스 파일</Filter>
    </ResourceCompile>
  </ItemGroup>
  <ItemGroup>
    <Image Include="small.ico">
      <Filter>리소스 파일</Filter>
    </Image>
    <Image Include="ProjectM.ico">
      <Filter>리소스 파일</Filter>
    </Image>
    <Image Include="iami.bmp">
      <Filter>리소스 파일</Filter>
    </Image>
    <Image Include="..\Resource\달팽이\그래도달팽이는움직인다.png">
      <Filter>Resource</Filter>
    </Image>
  </ItemGroup>
</Project>