<?xml version="1.0" encoding="utf-8"?>
<Project ToolsVersion="4.0" xmlns="http://schemas.microsoft.com/developer/msbuild/2003">
  <ItemGroup>
    <Filter Include="Game">
      <UniqueIdentifier>{02e67d83-e78f-4bb5-9604-a77cba1ae4dc}</UniqueIdentifier>
    </Filter>
    <Filter Include="Utils">
      <UniqueIdentifier>{42d6bec8-4883-4a27-b239-bdeffe8e1855}</UniqueIdentifier>
    </Filter>
    <Filter Include="Engine">
      <UniqueIdentifier>{657423ed-82a3-49aa-b805-f61d8675b8f9}</UniqueIdentifier>
    </Filter>
    <Filter Include="Resource">
      <UniqueIdentifier>{0715dd2e-7497-46af-916c-2d1082dccdba}</UniqueIdentifier>
    </Filter>
  </ItemGroup>
  <ItemGroup>
    <ClInclude Include="Battle.h">
      <Filter>Engine</Filter>
    </ClInclude>
    <ClInclude Include="pch.h">
      <Filter>Utils</Filter>
    </ClInclude>
    <ClInclude Include="Drawing.h">
      <Filter>Utils</Filter>
    </ClInclude>
    <ClInclude Include="Monster.h">
      <Filter>Engine</Filter>
    </ClInclude>
    <ClInclude Include="Player.h">
      <Filter>Engine</Filter>
    </ClInclude>
    <ClInclude Include="ProjectM.h">
      <Filter>Game</Filter>
    </ClInclude>
    <ClInclude Include="Resource.h">
      <Filter>Utils</Filter>
    </ClInclude>
    <ClInclude Include="targetver.h">
      <Filter>Utils</Filter>
    </ClInclude>
    <ClInclude Include="framework.h">
      <Filter>Utils</Filter>
    </ClInclude>
    <ClInclude Include="Entity.h">
      <Filter>Engine</Filter>
    </ClInclude>
    <ClInclude Include="Item.h">
      <Filter>Engine</Filter>
    </ClInclude>
    <ClInclude Include="Timer.h">
      <Filter>Utils</Filter>
    </ClInclude>
    <ClInclude Include="Game.h">
      <Filter>Game</Filter>
    </ClInclude>
    <ClInclude Include="PlayerClass.h">
      <Filter>Engine</Filter>
    </ClInclude>
    <ClInclude Include="Item.h">
      <Filter>Engine</Filter>
    </ClInclude>
    <ClInclude Include="Graphics.h">
      <Filter>Engine</Filter>
    </ClInclude>
    <ClInclude Include="Scene.h">
      <Filter>Engine</Filter>
    </ClInclude>
    <ClInclude Include="SceneManager.h">
      <Filter>Engine</Filter>
    </ClInclude>
    <ClInclude Include="SpriteSheet.h">
      <Filter>Engine</Filter>
    </ClInclude>
    <ClInclude Include="SceneManager.h" />
    <ClInclude Include="ItemManager.h">
      <Filter>Engine</Filter>
    </ClInclude>
    <ClInclude Include="Scene.h" />
    <ClInclude Include="Graphics.h" />
    <ClInclude Include="SpriteSheet.h" />
    <ClInclude Include="Animator.h">
      <Filter>Engine</Filter>
    </ClInclude>
    <ClInclude Include="Monsterclass.h">
      <Filter>Engine</Filter>
    </ClInclude>
    <ClInclude Include="abcd.h" />
    <ClInclude Include="inputclass.h">
      <Filter>Game</Filter>
    </ClInclude>
    <ClInclude Include="ClassSelectScene.h" />
  </ItemGroup>
  <ItemGroup>
    <ClCompile Include="ProjectM.cpp">
      <Filter>Game</Filter>
    </ClCompile>
    <ClCompile Include="Timer.cpp">
      <Filter>Utils</Filter>
    </ClCompile>
    <ClCompile Include="Player.cpp">
      <Filter>Engine</Filter>
    </ClCompile>
    <ClCompile Include="Battle.cpp">
      <Filter>Engine</Filter>
    </ClCompile>
    <ClCompile Include="Drawing.cpp">
      <Filter>Utils</Filter>
    </ClCompile>
    <ClCompile Include="Game.cpp">
      <Filter>Game</Filter>
    </ClCompile>
    <ClCompile Include="Item.cpp">
      <Filter>Engine</Filter>
    </ClCompile>
    <ClCompile Include="pch.cpp">
      <Filter>Utils</Filter>
    </ClCompile>
    <ClCompile Include="Resource.cpp">
      <Filter>Utils</Filter>
    </ClCompile>
    <ClCompile Include="Entity.cpp">
      <Filter>Engine</Filter>
    </ClCompile>
    <ClCompile Include="Monster.cpp">
      <Filter>Engine</Filter>
    </ClCompile>
    <ClCompile Include="PlayerClass.cpp">
      <Filter>Engine</Filter>
    </ClCompile>
    <ClCompile Include="Item.cpp">
      <Filter>Engine</Filter>
    </ClCompile>
    <ClCompile Include="Graphics.cpp">
      <Filter>Engine</Filter>
    </ClCompile>
    <ClCompile Include="Scene.cpp">
      <Filter>Engine</Filter>
    </ClCompile>
    <ClCompile Include="SceneManager.cpp">
      <Filter>Engine</Filter>
    </ClCompile>
    <ClCompile Include="SpriteSheet.cpp">
      <Filter>Engine</Filter>
    </ClCompile>
    <ClCompile Include="Animator.cpp">
      <Filter>Engine</Filter>
    </ClCompile>
    <ClCompile Include="SceneManager.cpp" />
    <ClCompile Include="ItemManager.cpp" />
    <ClCompile Include="Scene.cpp" />
    <ClCompile Include="Graphics.cpp" />
    <ClCompile Include="SpriteSheet.cpp" />
    <ClCompile Include="Monsterclass.cpp">
      <Filter>Engine</Filter>
    </ClCompile>
    <ClCompile Include="abcd.cpp" />
    <ClCompile Include="inputclass.cpp">
      <Filter>Game</Filter>
    </ClCompile>
    <ClCompile Include="ClassSelectScene.cpp" />
  </ItemGroup>
  <ItemGroup>
    <Image Include="..\Resource\달팽이\그래도달팽이는움직인다.png">
      <Filter>Resource</Filter>
    </Image>
    <Image Include="..\Resource\달팽이\그래도달팽이는계속움직인다.png">
      <Filter>Resource</Filter>
    </Image>
    <Image Include="..\Resource\달팽이\적.png">
      <Filter>Resource</Filter>
    </Image>
    <Image Include="..\Resource\달팽이\초록달팽이.png">
      <Filter>Resource</Filter>
    </Image>
    <Image Include="..\Resource\달팽이\물마시려다너도먹을래.gif">
      <Filter>Resource</Filter>
    </Image>
    <Image Include="..\Resource\달팽이\0.png">
      <Filter>Resource</Filter>
    </Image>
    <Image Include="iami.bmp">
      <Filter>Resource</Filter>
    </Image>
    <Image Include="ProjectM.ico">
      <Filter>Resource</Filter>
    </Image>
    <Image Include="small.ico">
      <Filter>Resource</Filter>
    </Image>
    <Image Include="..\Resource\배경\헤네시스.png">
      <Filter>Resource</Filter>
    </Image>
    <Image Include="..\Resource\달팽이\그래도달팽이는계속움직인다.png">
      <Filter>Resource</Filter>
    </Image>
    <Image Include="..\Resource\달팽이\적.png">
      <Filter>Resource</Filter>
    </Image>
    <Image Include="..\Resource\배경\헤내시스 맵.png">
      <Filter>Resource</Filter>
    </Image>
    <Image Include="Arrow.bmp">
      <Filter>Resource</Filter>
    </Image>
    <Image Include="..\Resource\UI\HP내부.png">
      <Filter>Resource</Filter>
    </Image>
    <Image Include="..\Resource\UI\HP바.png">
      <Filter>Resource</Filter>
    </Image>
    <Image Include="..\Resource\플레이어\idle.png">
      <Filter>Resource</Filter>
    </Image>
    <Image Include="..\Resource\플레이어\walk.png">
      <Filter>Resource</Filter>
    </Image>
    <Image Include="..\Resource\플레이어\attack.png">
      <Filter>Resource</Filter>
    </Image>
  </ItemGroup>
  <ItemGroup>
    <ResourceCompile Include="ProjectM.rc">
      <Filter>Resource</Filter>
    </ResourceCompile>
  </ItemGroup>
</Project>